PODS:
  - Alamofire (4.9.1)
  - Differentiator (3.1.0)
  - ReachabilitySwift (5.0.0)
  - Realm (3.21.0):
    - Realm/Headers (= 3.21.0)
  - Realm/Headers (3.21.0)
  - RealmSwift (3.21.0):
    - Realm (= 3.21.0)
  - RxAlamofire (4.4.1):
    - RxAlamofire/Core (= 4.4.1)
  - RxAlamofire/Core (4.4.1):
    - Alamofire (~> 4.8)
    - RxSwift (~> 4.5)
  - RxCocoa (4.5.0):
    - RxSwift (>= 4.4.2, ~> 4.4)
  - RxDataSources (3.1.0):
    - Differentiator (~> 3.0)
    - RxCocoa (~> 4.0)
    - RxSwift (~> 4.0)
  - RxSwift (4.5.0)
  - SideMenu (6.4.9)
  - SwiftLint (0.40.2)

DEPENDENCIES:
  - ReachabilitySwift
  - RealmSwift
  - RxAlamofire
  - RxCocoa (~> 4.5)
  - RxDataSources
  - RxSwift (~> 4.5)
  - SideMenu
  - SwiftLint

SPEC REPOS:
  trunk:
    - Alamofire
    - Differentiator
    - ReachabilitySwift
    - Realm
    - RealmSwift
    - RxAlamofire
    - RxCocoa
    - RxDataSources
    - RxSwift
    - SideMenu
    - SwiftLint

SPEC CHECKSUMS:
  Alamofire: 85e8a02c69d6020a0d734f6054870d7ecb75cf18
  Differentiator: be49ca3408f0ecfc761e4c7763d20c62be01b9ad
  ReachabilitySwift: 985039c6f7b23a1da463388634119492ff86c825
  Realm: 38e9dcb19104b58407167d99f70d4995f7c16023
  RealmSwift: 3183cc1ad48378fbcd634311b22c0e6c44021152
  RxAlamofire: ed65f451f5a9a59419b0b9e705043dc01410edd9
  RxCocoa: cbf70265dc65a981d4ac982e513c10cf23df24a0
  RxDataSources: a843bad90c29817f5923ec8163f4af2de084ceb3
  RxSwift: f172070dfd1a93d70a9ab97a5a01166206e1c575
  SideMenu: 8ef57a3cfc024a2d3fc1c036c7fe98537baec9e0
  SwiftLint: 1216c910d27c2633ade33b4f071bb6b930982e62

PODFILE CHECKSUM: 0e405e60615afc8250c46deb2d5824b82bd5d5ec

COCOAPODS: 1.9.1
