// !$*UTF8*$!
{
	archiveVersion = 1;
	classes = {
	};
	objectVersion = 51;
	objects = {

/* Begin PBXBuildFile section */
		848220A425168DB400AB0C7B /* Session.swift in Sources */ = {isa = PBXBuildFile; fileRef = 848220A325168DB400AB0C7B /* Session.swift */; };
		848220A725168F8000AB0C7B /* Constants.swift in Sources */ = {isa = PBXBuildFile; fileRef = 848220A625168F8000AB0C7B /* Constants.swift */; };
		848220AA2516908F00AB0C7B /* Category.swift in Sources */ = {isa = PBXBuildFile; fileRef = 848220A92516908F00AB0C7B /* Category.swift */; };
		848220AE2516919600AB0C7B /* CategoriesResponse.swift in Sources */ = {isa = PBXBuildFile; fileRef = 848220AD2516919600AB0C7B /* CategoriesResponse.swift */; };
		848220C12516A02100AB0C7B /* ObservableType+Extension.swift in Sources */ = {isa = PBXBuildFile; fileRef = 848220C02516A02100AB0C7B /* ObservableType+Extension.swift */; };
		848220C62516A0BC00AB0C7B /* CategoryList.swift in Sources */ = {isa = PBXBuildFile; fileRef = 848220C52516A0BC00AB0C7B /* CategoryList.swift */; };
		8484AE0D25168017001B2F6E /* AppDelegate.swift in Sources */ = {isa = PBXBuildFile; fileRef = 8484AE0C25168017001B2F6E /* AppDelegate.swift */; };
		8484AE1125168017001B2F6E /* ViewController.swift in Sources */ = {isa = PBXBuildFile; fileRef = 8484AE1025168017001B2F6E /* ViewController.swift */; };
		8484AE1425168017001B2F6E /* Main.storyboard in Resources */ = {isa = PBXBuildFile; fileRef = 8484AE1225168017001B2F6E /* Main.storyboard */; };
		8484AE1625168019001B2F6E /* Assets.xcassets in Resources */ = {isa = PBXBuildFile; fileRef = 8484AE1525168019001B2F6E /* Assets.xcassets */; };
		8484AE1925168019001B2F6E /* LaunchScreen.storyboard in Resources */ = {isa = PBXBuildFile; fileRef = 8484AE1725168019001B2F6E /* LaunchScreen.storyboard */; };
		A7004B179F5F5B4139A2F6B0 /* Pods_SharingCaring.framework in Frameworks */ = {isa = PBXBuildFile; fileRef = 0A1661B49120A248BB9E4A65 /* Pods_SharingCaring.framework */; };
/* End PBXBuildFile section */

/* Begin PBXFileReference section */
		083967733F14BD0E99B3F4C2 /* Pods-SharingCaring.release.xcconfig */ = {isa = PBXFileReference; includeInIndex = 1; lastKnownFileType = text.xcconfig; name = "Pods-SharingCaring.release.xcconfig"; path = "Target Support Files/Pods-SharingCaring/Pods-SharingCaring.release.xcconfig"; sourceTree = "<group>"; };
		0A1661B49120A248BB9E4A65 /* Pods_SharingCaring.framework */ = {isa = PBXFileReference; explicitFileType = wrapper.framework; includeInIndex = 0; path = Pods_SharingCaring.framework; sourceTree = BUILT_PRODUCTS_DIR; };
		848220A325168DB400AB0C7B /* Session.swift */ = {isa = PBXFileReference; lastKnownFileType = sourcecode.swift; path = Session.swift; sourceTree = "<group>"; };
		848220A625168F8000AB0C7B /* Constants.swift */ = {isa = PBXFileReference; lastKnownFileType = sourcecode.swift; path = Constants.swift; sourceTree = "<group>"; };
		848220A92516908F00AB0C7B /* Category.swift */ = {isa = PBXFileReference; lastKnownFileType = sourcecode.swift; path = Category.swift; sourceTree = "<group>"; };
		848220AD2516919600AB0C7B /* CategoriesResponse.swift */ = {isa = PBXFileReference; lastKnownFileType = sourcecode.swift; path = CategoriesResponse.swift; sourceTree = "<group>"; };
		848220C02516A02100AB0C7B /* ObservableType+Extension.swift */ = {isa = PBXFileReference; lastKnownFileType = sourcecode.swift; path = "ObservableType+Extension.swift"; sourceTree = "<group>"; };
		848220C52516A0BC00AB0C7B /* CategoryList.swift */ = {isa = PBXFileReference; lastKnownFileType = sourcecode.swift; path = CategoryList.swift; sourceTree = "<group>"; };
		8484AE0925168017001B2F6E /* SharingCaring.app */ = {isa = PBXFileReference; explicitFileType = wrapper.application; includeInIndex = 0; path = SharingCaring.app; sourceTree = BUILT_PRODUCTS_DIR; };
		8484AE0C25168017001B2F6E /* AppDelegate.swift */ = {isa = PBXFileReference; lastKnownFileType = sourcecode.swift; path = AppDelegate.swift; sourceTree = "<group>"; };
		8484AE1025168017001B2F6E /* ViewController.swift */ = {isa = PBXFileReference; lastKnownFileType = sourcecode.swift; path = ViewController.swift; sourceTree = "<group>"; };
		8484AE1325168017001B2F6E /* Base */ = {isa = PBXFileReference; lastKnownFileType = file.storyboard; name = Base; path = Base.lproj/Main.storyboard; sourceTree = "<group>"; };
		8484AE1525168019001B2F6E /* Assets.xcassets */ = {isa = PBXFileReference; lastKnownFileType = folder.assetcatalog; path = Assets.xcassets; sourceTree = "<group>"; };
		8484AE1825168019001B2F6E /* Base */ = {isa = PBXFileReference; lastKnownFileType = file.storyboard; name = Base; path = Base.lproj/LaunchScreen.storyboard; sourceTree = "<group>"; };
		8484AE1A25168019001B2F6E /* Info.plist */ = {isa = PBXFileReference; lastKnownFileType = text.plist.xml; path = Info.plist; sourceTree = "<group>"; };
		E90E6371CFF920813DEF340F /* Pods-SharingCaring.debug.xcconfig */ = {isa = PBXFileReference; includeInIndex = 1; lastKnownFileType = text.xcconfig; name = "Pods-SharingCaring.debug.xcconfig"; path = "Target Support Files/Pods-SharingCaring/Pods-SharingCaring.debug.xcconfig"; sourceTree = "<group>"; };
/* End PBXFileReference section */

/* Begin PBXFrameworksBuildPhase section */
		8484AE0625168017001B2F6E /* Frameworks */ = {
			isa = PBXFrameworksBuildPhase;
			buildActionMask = 2147483647;
			files = (
				A7004B179F5F5B4139A2F6B0 /* Pods_SharingCaring.framework in Frameworks */,
			);
			runOnlyForDeploymentPostprocessing = 0;
		};
/* End PBXFrameworksBuildPhase section */

/* Begin PBXGroup section */
		16064A7DA2DA37D246E931AF /* Pods */ = {
			isa = PBXGroup;
			children = (
				E90E6371CFF920813DEF340F /* Pods-SharingCaring.debug.xcconfig */,
				083967733F14BD0E99B3F4C2 /* Pods-SharingCaring.release.xcconfig */,
			);
			path = Pods;
			sourceTree = "<group>";
		};
		848220BF2516A00D00AB0C7B /* Extension */ = {
			isa = PBXGroup;
			children = (
				848220C02516A02100AB0C7B /* ObservableType+Extension.swift */,
			);
			path = Extension;
			sourceTree = "<group>";
		};
		848220C32516A09E00AB0C7B /* Category */ = {
			isa = PBXGroup;
			children = (
				848220A92516908F00AB0C7B /* Category.swift */,
				848220AD2516919600AB0C7B /* CategoriesResponse.swift */,
				848220C52516A0BC00AB0C7B /* CategoryList.swift */,
			);
			path = Category;
			sourceTree = "<group>";
		};
		8484AE0025168017001B2F6E = {
			isa = PBXGroup;
			children = (
				8484AE0B25168017001B2F6E /* SharingCaring */,
				8484AE0A25168017001B2F6E /* Products */,
				16064A7DA2DA37D246E931AF /* Pods */,
				945E8272AB2174C8999DE307 /* Frameworks */,
			);
			sourceTree = "<group>";
		};
		8484AE0A25168017001B2F6E /* Products */ = {
			isa = PBXGroup;
			children = (
				8484AE0925168017001B2F6E /* SharingCaring.app */,
			);
			name = Products;
			sourceTree = "<group>";
		};
		8484AE0B25168017001B2F6E /* SharingCaring */ = {
			isa = PBXGroup;
			children = (
				8484AE282516837D001B2F6E /* ViewController */,
				8484AE252516834A001B2F6E /* ViewModel */,
				8484AE2425168340001B2F6E /* View */,
				8484AE232516833A001B2F6E /* Model */,
				8484AE272516835E001B2F6E /* Utilities */,
				8484AE2625168350001B2F6E /* Service */,
				8484AE0C25168017001B2F6E /* AppDelegate.swift */,
				8484AE1025168017001B2F6E /* ViewController.swift */,
				8484AE1225168017001B2F6E /* Main.storyboard */,
				8484AE1525168019001B2F6E /* Assets.xcassets */,
				8484AE1725168019001B2F6E /* LaunchScreen.storyboard */,
				8484AE1A25168019001B2F6E /* Info.plist */,
			);
			path = SharingCaring;
			sourceTree = "<group>";
		};
		8484AE232516833A001B2F6E /* Model */ = {
			isa = PBXGroup;
			children = (
				848220C32516A09E00AB0C7B /* Category */,
			);
			path = Model;
			sourceTree = "<group>";
		};
		8484AE2425168340001B2F6E /* View */ = {
			isa = PBXGroup;
			children = (
			);
			path = View;
			sourceTree = "<group>";
		};
		8484AE252516834A001B2F6E /* ViewModel */ = {
			isa = PBXGroup;
			children = (
			);
			path = ViewModel;
			sourceTree = "<group>";
		};
		8484AE2625168350001B2F6E /* Service */ = {
			isa = PBXGroup;
			children = (
				848220A325168DB400AB0C7B /* Session.swift */,
			);
			path = Service;
			sourceTree = "<group>";
		};
		8484AE272516835E001B2F6E /* Utilities */ = {
			isa = PBXGroup;
			children = (
				848220BF2516A00D00AB0C7B /* Extension */,
				848220A625168F8000AB0C7B /* Constants.swift */,
			);
			path = Utilities;
			sourceTree = "<group>";
		};
		8484AE282516837D001B2F6E /* ViewController */ = {
			isa = PBXGroup;
			children = (
			);
			path = ViewController;
			sourceTree = "<group>";
		};
		945E8272AB2174C8999DE307 /* Frameworks */ = {
			isa = PBXGroup;
			children = (
				0A1661B49120A248BB9E4A65 /* Pods_SharingCaring.framework */,
			);
			name = Frameworks;
			sourceTree = "<group>";
		};
/* End PBXGroup section */

/* Begin PBXNativeTarget section */
		8484AE0825168017001B2F6E /* SharingCaring */ = {
			isa = PBXNativeTarget;
			buildConfigurationList = 8484AE1D25168019001B2F6E /* Build configuration list for PBXNativeTarget "SharingCaring" */;
			buildPhases = (
				691923B463E86828F454288A /* [CP] Check Pods Manifest.lock */,
				8484AE0525168017001B2F6E /* Sources */,
				8484AE0625168017001B2F6E /* Frameworks */,
				8484AE0725168017001B2F6E /* Resources */,
				84822069251688AF00AB0C7B /* SwiftLint */,
				BC92C3D18A734A2CBC83C117 /* [CP] Embed Pods Frameworks */,
			);
			buildRules = (
			);
			dependencies = (
			);
			name = SharingCaring;
			productName = SharingCaring;
			productReference = 8484AE0925168017001B2F6E /* SharingCaring.app */;
			productType = "com.apple.product-type.application";
		};
/* End PBXNativeTarget section */

/* Begin PBXProject section */
		8484AE0125168017001B2F6E /* Project object */ = {
			isa = PBXProject;
			attributes = {
				LastSwiftUpdateCheck = 1200;
				LastUpgradeCheck = 1200;
				TargetAttributes = {
					8484AE0825168017001B2F6E = {
						CreatedOnToolsVersion = 12.0;
					};
				};
			};
			buildConfigurationList = 8484AE0425168017001B2F6E /* Build configuration list for PBXProject "SharingCaring" */;
			compatibilityVersion = "Xcode 9.3";
			developmentRegion = en;
			hasScannedForEncodings = 0;
			knownRegions = (
				en,
				Base,
			);
			mainGroup = 8484AE0025168017001B2F6E;
			productRefGroup = 8484AE0A25168017001B2F6E /* Products */;
			projectDirPath = "";
			projectRoot = "";
			targets = (
				8484AE0825168017001B2F6E /* SharingCaring */,
			);
		};
/* End PBXProject section */

/* Begin PBXResourcesBuildPhase section */
		8484AE0725168017001B2F6E /* Resources */ = {
			isa = PBXResourcesBuildPhase;
			buildActionMask = 2147483647;
			files = (
				8484AE1925168019001B2F6E /* LaunchScreen.storyboard in Resources */,
				8484AE1625168019001B2F6E /* Assets.xcassets in Resources */,
				8484AE1425168017001B2F6E /* Main.storyboard in Resources */,
			);
			runOnlyForDeploymentPostprocessing = 0;
		};
/* End PBXResourcesBuildPhase section */

/* Begin PBXShellScriptBuildPhase section */
		691923B463E86828F454288A /* [CP] Check Pods Manifest.lock */ = {
			isa = PBXShellScriptBuildPhase;
			buildActionMask = 2147483647;
			files = (
			);
			inputFileListPaths = (
			);
			inputPaths = (
				"${PODS_PODFILE_DIR_PATH}/Podfile.lock",
				"${PODS_ROOT}/Manifest.lock",
			);
			name = "[CP] Check Pods Manifest.lock";
			outputFileListPaths = (
			);
			outputPaths = (
				"$(DERIVED_FILE_DIR)/Pods-SharingCaring-checkManifestLockResult.txt",
			);
			runOnlyForDeploymentPostprocessing = 0;
			shellPath = /bin/sh;
			shellScript = "diff \"${PODS_PODFILE_DIR_PATH}/Podfile.lock\" \"${PODS_ROOT}/Manifest.lock\" > /dev/null\nif [ $? != 0 ] ; then\n    # print error to STDERR\n    echo \"error: The sandbox is not in sync with the Podfile.lock. Run 'pod install' or update your CocoaPods installation.\" >&2\n    exit 1\nfi\n# This output is used by Xcode 'outputs' to avoid re-running this script phase.\necho \"SUCCESS\" > \"${SCRIPT_OUTPUT_FILE_0}\"\n";
			showEnvVarsInLog = 0;
		};
		84822069251688AF00AB0C7B /* SwiftLint */ = {
			isa = PBXShellScriptBuildPhase;
			buildActionMask = 2147483647;
			files = (
			);
			inputFileListPaths = (
			);
			inputPaths = (
			);
			name = SwiftLint;
			outputFileListPaths = (
			);
			outputPaths = (
			);
			runOnlyForDeploymentPostprocessing = 0;
			shellPath = /bin/sh;
			shellScript = "# Type a script or drag a script file from your workspace to insert its path.\n\"${PODS_ROOT}/SwiftLint/swiftlint\"\n";
		};
		BC92C3D18A734A2CBC83C117 /* [CP] Embed Pods Frameworks */ = {
			isa = PBXShellScriptBuildPhase;
			buildActionMask = 2147483647;
			files = (
			);
			inputFileListPaths = (
				"${PODS_ROOT}/Target Support Files/Pods-SharingCaring/Pods-SharingCaring-frameworks-${CONFIGURATION}-input-files.xcfilelist",
			);
			name = "[CP] Embed Pods Frameworks";
			outputFileListPaths = (
				"${PODS_ROOT}/Target Support Files/Pods-SharingCaring/Pods-SharingCaring-frameworks-${CONFIGURATION}-output-files.xcfilelist",
			);
			runOnlyForDeploymentPostprocessing = 0;
			shellPath = /bin/sh;
			shellScript = "\"${PODS_ROOT}/Target Support Files/Pods-SharingCaring/Pods-SharingCaring-frameworks.sh\"\n";
			showEnvVarsInLog = 0;
		};
/* End PBXShellScriptBuildPhase section */

/* Begin PBXSourcesBuildPhase section */
		8484AE0525168017001B2F6E /* Sources */ = {
			isa = PBXSourcesBuildPhase;
			buildActionMask = 2147483647;
			files = (
				848220AE2516919600AB0C7B /* CategoriesResponse.swift in Sources */,
				8484AE1125168017001B2F6E /* ViewController.swift in Sources */,
				8484AE0D25168017001B2F6E /* AppDelegate.swift in Sources */,
				848220AA2516908F00AB0C7B /* Category.swift in Sources */,
				848220A425168DB400AB0C7B /* Session.swift in Sources */,
				848220C12516A02100AB0C7B /* ObservableType+Extension.swift in Sources */,
				848220A725168F8000AB0C7B /* Constants.swift in Sources */,
				848220C62516A0BC00AB0C7B /* CategoryList.swift in Sources */,
			);
			runOnlyForDeploymentPostprocessing = 0;
		};
/* End PBXSourcesBuildPhase section */

/* Begin PBXVariantGroup section */
		8484AE1225168017001B2F6E /* Main.storyboard */ = {
			isa = PBXVariantGroup;
			children = (
				8484AE1325168017001B2F6E /* Base */,
			);
			name = Main.storyboard;
			sourceTree = "<group>";
		};
		8484AE1725168019001B2F6E /* LaunchScreen.storyboard */ = {
			isa = PBXVariantGroup;
			children = (
				8484AE1825168019001B2F6E /* Base */,
			);
			name = LaunchScreen.storyboard;
			sourceTree = "<group>";
		};
/* End PBXVariantGroup section */

/* Begin XCBuildConfiguration section */
		8484AE1B25168019001B2F6E /* Debug */ = {
			isa = XCBuildConfiguration;
			buildSettings = {
				ALWAYS_SEARCH_USER_PATHS = NO;
				CLANG_ANALYZER_NONNULL = YES;
				CLANG_ANALYZER_NUMBER_OBJECT_CONVERSION = YES_AGGRESSIVE;
				CLANG_CXX_LANGUAGE_STANDARD = "gnu++14";
				CLANG_CXX_LIBRARY = "libc++";
				CLANG_ENABLE_MODULES = YES;
				CLANG_ENABLE_OBJC_ARC = YES;
				CLANG_ENABLE_OBJC_WEAK = YES;
				CLANG_WARN_BLOCK_CAPTURE_AUTORELEASING = YES;
				CLANG_WARN_BOOL_CONVERSION = YES;
				CLANG_WARN_COMMA = YES;
				CLANG_WARN_CONSTANT_CONVERSION = YES;
				CLANG_WARN_DEPRECATED_OBJC_IMPLEMENTATIONS = YES;
				CLANG_WARN_DIRECT_OBJC_ISA_USAGE = YES_ERROR;
				CLANG_WARN_DOCUMENTATION_COMMENTS = YES;
				CLANG_WARN_EMPTY_BODY = YES;
				CLANG_WARN_ENUM_CONVERSION = YES;
				CLANG_WARN_INFINITE_RECURSION = YES;
				CLANG_WARN_INT_CONVERSION = YES;
				CLANG_WARN_NON_LITERAL_NULL_CONVERSION = YES;
				CLANG_WARN_OBJC_IMPLICIT_RETAIN_SELF = YES;
				CLANG_WARN_OBJC_LITERAL_CONVERSION = YES;
				CLANG_WARN_OBJC_ROOT_CLASS = YES_ERROR;
				CLANG_WARN_QUOTED_INCLUDE_IN_FRAMEWORK_HEADER = YES;
				CLANG_WARN_RANGE_LOOP_ANALYSIS = YES;
				CLANG_WARN_STRICT_PROTOTYPES = YES;
				CLANG_WARN_SUSPICIOUS_MOVE = YES;
				CLANG_WARN_UNGUARDED_AVAILABILITY = YES_AGGRESSIVE;
				CLANG_WARN_UNREACHABLE_CODE = YES;
				CLANG_WARN__DUPLICATE_METHOD_MATCH = YES;
				COPY_PHASE_STRIP = NO;
				DEBUG_INFORMATION_FORMAT = dwarf;
				ENABLE_STRICT_OBJC_MSGSEND = YES;
				ENABLE_TESTABILITY = YES;
				GCC_C_LANGUAGE_STANDARD = gnu11;
				GCC_DYNAMIC_NO_PIC = NO;
				GCC_NO_COMMON_BLOCKS = YES;
				GCC_OPTIMIZATION_LEVEL = 0;
				GCC_PREPROCESSOR_DEFINITIONS = (
					"DEBUG=1",
					"$(inherited)",
				);
				GCC_WARN_64_TO_32_BIT_CONVERSION = YES;
				GCC_WARN_ABOUT_RETURN_TYPE = YES_ERROR;
				GCC_WARN_UNDECLARED_SELECTOR = YES;
				GCC_WARN_UNINITIALIZED_AUTOS = YES_AGGRESSIVE;
				GCC_WARN_UNUSED_FUNCTION = YES;
				GCC_WARN_UNUSED_VARIABLE = YES;
				IPHONEOS_DEPLOYMENT_TARGET = 10.0;
				MTL_ENABLE_DEBUG_INFO = INCLUDE_SOURCE;
				MTL_FAST_MATH = YES;
				ONLY_ACTIVE_ARCH = YES;
				SDKROOT = iphoneos;
				SWIFT_ACTIVE_COMPILATION_CONDITIONS = DEBUG;
				SWIFT_OPTIMIZATION_LEVEL = "-Onone";
			};
			name = Debug;
		};
		8484AE1C25168019001B2F6E /* Release */ = {
			isa = XCBuildConfiguration;
			buildSettings = {
				ALWAYS_SEARCH_USER_PATHS = NO;
				CLANG_ANALYZER_NONNULL = YES;
				CLANG_ANALYZER_NUMBER_OBJECT_CONVERSION = YES_AGGRESSIVE;
				CLANG_CXX_LANGUAGE_STANDARD = "gnu++14";
				CLANG_CXX_LIBRARY = "libc++";
				CLANG_ENABLE_MODULES = YES;
				CLANG_ENABLE_OBJC_ARC = YES;
				CLANG_ENABLE_OBJC_WEAK = YES;
				CLANG_WARN_BLOCK_CAPTURE_AUTORELEASING = YES;
				CLANG_WARN_BOOL_CONVERSION = YES;
				CLANG_WARN_COMMA = YES;
				CLANG_WARN_CONSTANT_CONVERSION = YES;
				CLANG_WARN_DEPRECATED_OBJC_IMPLEMENTATIONS = YES;
				CLANG_WARN_DIRECT_OBJC_ISA_USAGE = YES_ERROR;
				CLANG_WARN_DOCUMENTATION_COMMENTS = YES;
				CLANG_WARN_EMPTY_BODY = YES;
				CLANG_WARN_ENUM_CONVERSION = YES;
				CLANG_WARN_INFINITE_RECURSION = YES;
				CLANG_WARN_INT_CONVERSION = YES;
				CLANG_WARN_NON_LITERAL_NULL_CONVERSION = YES;
				CLANG_WARN_OBJC_IMPLICIT_RETAIN_SELF = YES;
				CLANG_WARN_OBJC_LITERAL_CONVERSION = YES;
				CLANG_WARN_OBJC_ROOT_CLASS = YES_ERROR;
				CLANG_WARN_QUOTED_INCLUDE_IN_FRAMEWORK_HEADER = YES;
				CLANG_WARN_RANGE_LOOP_ANALYSIS = YES;
				CLANG_WARN_STRICT_PROTOTYPES = YES;
				CLANG_WARN_SUSPICIOUS_MOVE = YES;
				CLANG_WARN_UNGUARDED_AVAILABILITY = YES_AGGRESSIVE;
				CLANG_WARN_UNREACHABLE_CODE = YES;
				CLANG_WARN__DUPLICATE_METHOD_MATCH = YES;
				COPY_PHASE_STRIP = NO;
				DEBUG_INFORMATION_FORMAT = "dwarf-with-dsym";
				ENABLE_NS_ASSERTIONS = NO;
				ENABLE_STRICT_OBJC_MSGSEND = YES;
				GCC_C_LANGUAGE_STANDARD = gnu11;
				GCC_NO_COMMON_BLOCKS = YES;
				GCC_WARN_64_TO_32_BIT_CONVERSION = YES;
				GCC_WARN_ABOUT_RETURN_TYPE = YES_ERROR;
				GCC_WARN_UNDECLARED_SELECTOR = YES;
				GCC_WARN_UNINITIALIZED_AUTOS = YES_AGGRESSIVE;
				GCC_WARN_UNUSED_FUNCTION = YES;
				GCC_WARN_UNUSED_VARIABLE = YES;
				IPHONEOS_DEPLOYMENT_TARGET = 10.0;
				MTL_ENABLE_DEBUG_INFO = NO;
				MTL_FAST_MATH = YES;
				SDKROOT = iphoneos;
				SWIFT_COMPILATION_MODE = wholemodule;
				SWIFT_OPTIMIZATION_LEVEL = "-O";
				VALIDATE_PRODUCT = YES;
			};
			name = Release;
		};
		8484AE1E25168019001B2F6E /* Debug */ = {
			isa = XCBuildConfiguration;
			baseConfigurationReference = E90E6371CFF920813DEF340F /* Pods-SharingCaring.debug.xcconfig */;
			buildSettings = {
				ASSETCATALOG_COMPILER_APPICON_NAME = AppIcon;
				ASSETCATALOG_COMPILER_GLOBAL_ACCENT_COLOR_NAME = AccentColor;
				CODE_SIGN_STYLE = Automatic;
				DEVELOPMENT_TEAM = J243X8N8UC;
				INFOPLIST_FILE = SharingCaring/Info.plist;
				IPHONEOS_DEPLOYMENT_TARGET = 10.0;
				LD_RUNPATH_SEARCH_PATHS = (
					"$(inherited)",
					"@executable_path/Frameworks",
				);
				PRODUCT_BUNDLE_IDENTIFIER = com.qtcorp.SharingCaring;
				PRODUCT_NAME = "$(TARGET_NAME)";
				SWIFT_VERSION = 5.0;
				TARGETED_DEVICE_FAMILY = "1,2";
			};
			name = Debug;
		};
		8484AE1F25168019001B2F6E /* Release */ = {
			isa = XCBuildConfiguration;
			baseConfigurationReference = 083967733F14BD0E99B3F4C2 /* Pods-SharingCaring.release.xcconfig */;
			buildSettings = {
				ASSETCATALOG_COMPILER_APPICON_NAME = AppIcon;
				ASSETCATALOG_COMPILER_GLOBAL_ACCENT_COLOR_NAME = AccentColor;
				CODE_SIGN_STYLE = Automatic;
				DEVELOPMENT_TEAM = J243X8N8UC;
				INFOPLIST_FILE = SharingCaring/Info.plist;
				IPHONEOS_DEPLOYMENT_TARGET = 10.0;
				LD_RUNPATH_SEARCH_PATHS = (
					"$(inherited)",
					"@executable_path/Frameworks",
				);
				PRODUCT_BUNDLE_IDENTIFIER = com.qtcorp.SharingCaring;
				PRODUCT_NAME = "$(TARGET_NAME)";
				SWIFT_VERSION = 5.0;
				TARGETED_DEVICE_FAMILY = "1,2";
			};
			name = Release;
		};
/* End XCBuildConfiguration section */

/* Begin XCConfigurationList section */
		8484AE0425168017001B2F6E /* Build configuration list for PBXProject "SharingCaring" */ = {
			isa = XCConfigurationList;
			buildConfigurations = (
				8484AE1B25168019001B2F6E /* Debug */,
				8484AE1C25168019001B2F6E /* Release */,
			);
			defaultConfigurationIsVisible = 0;
			defaultConfigurationName = Release;
		};
		8484AE1D25168019001B2F6E /* Build configuration list for PBXNativeTarget "SharingCaring" */ = {
			isa = XCConfigurationList;
			buildConfigurations = (
				8484AE1E25168019001B2F6E /* Debug */,
				8484AE1F25168019001B2F6E /* Release */,
			);
			defaultConfigurationIsVisible = 0;
			defaultConfigurationName = Release;
		};
/* End XCConfigurationList section */
	};
	rootObject = 8484AE0125168017001B2F6E /* Project object */;
}
